// !$*UTF8*$!
{
	archiveVersion = 1;
	classes = {
	};
	objectVersion = 50;
	objects = {

/* Begin PBXBuildFile section */
		3C28B6A82438905E005E7FE5 /* AppDelegate.swift in Sources */ = {isa = PBXBuildFile; fileRef = 3C28B6A72438905E005E7FE5 /* AppDelegate.swift */; };
		3C28B6AA2438905E005E7FE5 /* SceneDelegate.swift in Sources */ = {isa = PBXBuildFile; fileRef = 3C28B6A92438905E005E7FE5 /* SceneDelegate.swift */; };
		3C28B6AC2438905E005E7FE5 /* ViewController.swift in Sources */ = {isa = PBXBuildFile; fileRef = 3C28B6AB2438905E005E7FE5 /* ViewController.swift */; };
		3C28B6AF2438905E005E7FE5 /* Main.storyboard in Resources */ = {isa = PBXBuildFile; fileRef = 3C28B6AD2438905E005E7FE5 /* Main.storyboard */; };
		3C28B6B124389061005E7FE5 /* Assets.xcassets in Resources */ = {isa = PBXBuildFile; fileRef = 3C28B6B024389061005E7FE5 /* Assets.xcassets */; };
		3C28B6B424389061005E7FE5 /* LaunchScreen.storyboard in Resources */ = {isa = PBXBuildFile; fileRef = 3C28B6B224389061005E7FE5 /* LaunchScreen.storyboard */; };
		3C28B6BF24389061005E7FE5 /* PersonalityTestTests.swift in Sources */ = {isa = PBXBuildFile; fileRef = 3C28B6BE24389061005E7FE5 /* PersonalityTestTests.swift */; };
		3C28B6CA24389061005E7FE5 /* PersonalityTestUITests.swift in Sources */ = {isa = PBXBuildFile; fileRef = 3C28B6C924389061005E7FE5 /* PersonalityTestUITests.swift */; };
/* End PBXBuildFile section */

/* Begin PBXContainerItemProxy section */
		3C28B6BB24389061005E7FE5 /* PBXContainerItemProxy */ = {
			isa = PBXContainerItemProxy;
			containerPortal = 3C28B69C2438905E005E7FE5 /* Project object */;
			proxyType = 1;
			remoteGlobalIDString = 3C28B6A32438905E005E7FE5;
			remoteInfo = PersonalityTest;
		};
		3C28B6C624389061005E7FE5 /* PBXContainerItemProxy */ = {
			isa = PBXContainerItemProxy;
			containerPortal = 3C28B69C2438905E005E7FE5 /* Project object */;
			proxyType = 1;
			remoteGlobalIDString = 3C28B6A32438905E005E7FE5;
			remoteInfo = PersonalityTest;
		};
/* End PBXContainerItemProxy section */

/* Begin PBXFileReference section */
		3C28B6A42438905E005E7FE5 /* PersonalityTest.app */ = {isa = PBXFileReference; explicitFileType = wrapper.application; includeInIndex = 0; path = PersonalityTest.app; sourceTree = BUILT_PRODUCTS_DIR; };
		3C28B6A72438905E005E7FE5 /* AppDelegate.swift */ = {isa = PBXFileReference; lastKnownFileType = sourcecode.swift; path = AppDelegate.swift; sourceTree = "<group>"; };
		3C28B6A92438905E005E7FE5 /* SceneDelegate.swift */ = {isa = PBXFileReference; lastKnownFileType = sourcecode.swift; path = SceneDelegate.swift; sourceTree = "<group>"; };
		3C28B6AB2438905E005E7FE5 /* ViewController.swift */ = {isa = PBXFileReference; lastKnownFileType = sourcecode.swift; path = ViewController.swift; sourceTree = "<group>"; };
		3C28B6AE2438905E005E7FE5 /* Base */ = {isa = PBXFileReference; lastKnownFileType = file.storyboard; name = Base; path = Base.lproj/Main.storyboard; sourceTree = "<group>"; };
		3C28B6B024389061005E7FE5 /* Assets.xcassets */ = {isa = PBXFileReference; lastKnownFileType = folder.assetcatalog; path = Assets.xcassets; sourceTree = "<group>"; };
		3C28B6B324389061005E7FE5 /* Base */ = {isa = PBXFileReference; lastKnownFileType = file.storyboard; name = Base; path = Base.lproj/LaunchScreen.storyboard; sourceTree = "<group>"; };
		3C28B6B524389061005E7FE5 /* Info.plist */ = {isa = PBXFileReference; lastKnownFileType = text.plist.xml; path = Info.plist; sourceTree = "<group>"; };
		3C28B6BA24389061005E7FE5 /* PersonalityTestTests.xctest */ = {isa = PBXFileReference; explicitFileType = wrapper.cfbundle; includeInIndex = 0; path = PersonalityTestTests.xctest; sourceTree = BUILT_PRODUCTS_DIR; };
		3C28B6BE24389061005E7FE5 /* PersonalityTestTests.swift */ = {isa = PBXFileReference; lastKnownFileType = sourcecode.swift; path = PersonalityTestTests.swift; sourceTree = "<group>"; };
		3C28B6C024389061005E7FE5 /* Info.plist */ = {isa = PBXFileReference; lastKnownFileType = text.plist.xml; path = Info.plist; sourceTree = "<group>"; };
		3C28B6C524389061005E7FE5 /* PersonalityTestUITests.xctest */ = {isa = PBXFileReference; explicitFileType = wrapper.cfbundle; includeInIndex = 0; path = PersonalityTestUITests.xctest; sourceTree = BUILT_PRODUCTS_DIR; };
		3C28B6C924389061005E7FE5 /* PersonalityTestUITests.swift */ = {isa = PBXFileReference; lastKnownFileType = sourcecode.swift; path = PersonalityTestUITests.swift; sourceTree = "<group>"; };
		3C28B6CB24389061005E7FE5 /* Info.plist */ = {isa = PBXFileReference; lastKnownFileType = text.plist.xml; path = Info.plist; sourceTree = "<group>"; };
/* End PBXFileReference section */

/* Begin PBXFrameworksBuildPhase section */
		3C28B6A12438905E005E7FE5 /* Frameworks */ = {
			isa = PBXFrameworksBuildPhase;
			buildActionMask = 2147483647;
			files = (
			);
			runOnlyForDeploymentPostprocessing = 0;
		};
		3C28B6B724389061005E7FE5 /* Frameworks */ = {
			isa = PBXFrameworksBuildPhase;
			buildActionMask = 2147483647;
			files = (
			);
			runOnlyForDeploymentPostprocessing = 0;
		};
		3C28B6C224389061005E7FE5 /* Frameworks */ = {
			isa = PBXFrameworksBuildPhase;
			buildActionMask = 2147483647;
			files = (
			);
			runOnlyForDeploymentPostprocessing = 0;
		};
/* End PBXFrameworksBuildPhase section */

/* Begin PBXGroup section */
		3C28B69B2438905E005E7FE5 = {
			isa = PBXGroup;
			children = (
				3C28B6A62438905E005E7FE5 /* PersonalityTest */,
				3C28B6BD24389061005E7FE5 /* PersonalityTestTests */,
				3C28B6C824389061005E7FE5 /* PersonalityTestUITests */,
				3C28B6A52438905E005E7FE5 /* Products */,
			);
			sourceTree = "<group>";
		};
		3C28B6A52438905E005E7FE5 /* Products */ = {
			isa = PBXGroup;
			children = (
				3C28B6A42438905E005E7FE5 /* PersonalityTest.app */,
				3C28B6BA24389061005E7FE5 /* PersonalityTestTests.xctest */,
				3C28B6C524389061005E7FE5 /* PersonalityTestUITests.xctest */,
			);
			name = Products;
			sourceTree = "<group>";
		};
		3C28B6A62438905E005E7FE5 /* PersonalityTest */ = {
			isa = PBXGroup;
			children = (
				3C28B6A72438905E005E7FE5 /* AppDelegate.swift */,
				3C28B6A92438905E005E7FE5 /* SceneDelegate.swift */,
				3C28B6AB2438905E005E7FE5 /* ViewController.swift */,
				3C28B6AD2438905E005E7FE5 /* Main.storyboard */,
				3C28B6B024389061005E7FE5 /* Assets.xcassets */,
				3C28B6B224389061005E7FE5 /* LaunchScreen.storyboard */,
				3C28B6B524389061005E7FE5 /* Info.plist */,
			);
			path = PersonalityTest;
			sourceTree = "<group>";
		};
		3C28B6BD24389061005E7FE5 /* PersonalityTestTests */ = {
			isa = PBXGroup;
			children = (
				3C28B6BE24389061005E7FE5 /* PersonalityTestTests.swift */,
				3C28B6C024389061005E7FE5 /* Info.plist */,
			);
			path = PersonalityTestTests;
			sourceTree = "<group>";
		};
		3C28B6C824389061005E7FE5 /* PersonalityTestUITests */ = {
			isa = PBXGroup;
			children = (
				3C28B6C924389061005E7FE5 /* PersonalityTestUITests.swift */,
				3C28B6CB24389061005E7FE5 /* Info.plist */,
			);
			path = PersonalityTestUITests;
			sourceTree = "<group>";
		};
/* End PBXGroup section */

/* Begin PBXNativeTarget section */
		3C28B6A32438905E005E7FE5 /* PersonalityTest */ = {
			isa = PBXNativeTarget;
			buildConfigurationList = 3C28B6CE24389061005E7FE5 /* Build configuration list for PBXNativeTarget "PersonalityTest" */;
			buildPhases = (
				3C28B6A02438905E005E7FE5 /* Sources */,
				3C28B6A12438905E005E7FE5 /* Frameworks */,
				3C28B6A22438905E005E7FE5 /* Resources */,
			);
			buildRules = (
			);
			dependencies = (
			);
			name = PersonalityTest;
			productName = PersonalityTest;
			productReference = 3C28B6A42438905E005E7FE5 /* PersonalityTest.app */;
			productType = "com.apple.product-type.application";
		};
		3C28B6B924389061005E7FE5 /* PersonalityTestTests */ = {
			isa = PBXNativeTarget;
			buildConfigurationList = 3C28B6D124389061005E7FE5 /* Build configuration list for PBXNativeTarget "PersonalityTestTests" */;
			buildPhases = (
				3C28B6B624389061005E7FE5 /* Sources */,
				3C28B6B724389061005E7FE5 /* Frameworks */,
				3C28B6B824389061005E7FE5 /* Resources */,
			);
			buildRules = (
			);
			dependencies = (
				3C28B6BC24389061005E7FE5 /* PBXTargetDependency */,
			);
			name = PersonalityTestTests;
			productName = PersonalityTestTests;
			productReference = 3C28B6BA24389061005E7FE5 /* PersonalityTestTests.xctest */;
			productType = "com.apple.product-type.bundle.unit-test";
		};
		3C28B6C424389061005E7FE5 /* PersonalityTestUITests */ = {
			isa = PBXNativeTarget;
			buildConfigurationList = 3C28B6D424389061005E7FE5 /* Build configuration list for PBXNativeTarget "PersonalityTestUITests" */;
			buildPhases = (
				3C28B6C124389061005E7FE5 /* Sources */,
				3C28B6C224389061005E7FE5 /* Frameworks */,
				3C28B6C324389061005E7FE5 /* Resources */,
			);
			buildRules = (
			);
			dependencies = (
				3C28B6C724389061005E7FE5 /* PBXTargetDependency */,
			);
			name = PersonalityTestUITests;
			productName = PersonalityTestUITests;
			productReference = 3C28B6C524389061005E7FE5 /* PersonalityTestUITests.xctest */;
			productType = "com.apple.product-type.bundle.ui-testing";
		};
/* End PBXNativeTarget section */

/* Begin PBXProject section */
		3C28B69C2438905E005E7FE5 /* Project object */ = {
			isa = PBXProject;
			attributes = {
				LastSwiftUpdateCheck = 1140;
				LastUpgradeCheck = 1140;
				ORGANIZATIONNAME = "Tymofii Dolenko";
				TargetAttributes = {
					3C28B6A32438905E005E7FE5 = {
						CreatedOnToolsVersion = 11.4;
					};
					3C28B6B924389061005E7FE5 = {
						CreatedOnToolsVersion = 11.4;
						TestTargetID = 3C28B6A32438905E005E7FE5;
					};
					3C28B6C424389061005E7FE5 = {
						CreatedOnToolsVersion = 11.4;
						TestTargetID = 3C28B6A32438905E005E7FE5;
					};
				};
			};
			buildConfigurationList = 3C28B69F2438905E005E7FE5 /* Build configuration list for PBXProject "PersonalityTest" */;
			compatibilityVersion = "Xcode 9.3";
			developmentRegion = en;
			hasScannedForEncodings = 0;
			knownRegions = (
				en,
				Base,
			);
			mainGroup = 3C28B69B2438905E005E7FE5;
			productRefGroup = 3C28B6A52438905E005E7FE5 /* Products */;
			projectDirPath = "";
			projectRoot = "";
			targets = (
				3C28B6A32438905E005E7FE5 /* PersonalityTest */,
				3C28B6B924389061005E7FE5 /* PersonalityTestTests */,
				3C28B6C424389061005E7FE5 /* PersonalityTestUITests */,
			);
		};
/* End PBXProject section */

/* Begin PBXResourcesBuildPhase section */
		3C28B6A22438905E005E7FE5 /* Resources */ = {
			isa = PBXResourcesBuildPhase;
			buildActionMask = 2147483647;
			files = (
				3C28B6B424389061005E7FE5 /* LaunchScreen.storyboard in Resources */,
				3C28B6B124389061005E7FE5 /* Assets.xcassets in Resources */,
				3C28B6AF2438905E005E7FE5 /* Main.storyboard in Resources */,
			);
			runOnlyForDeploymentPostprocessing = 0;
		};
		3C28B6B824389061005E7FE5 /* Resources */ = {
			isa = PBXResourcesBuildPhase;
			buildActionMask = 2147483647;
			files = (
			);
			runOnlyForDeploymentPostprocessing = 0;
		};
		3C28B6C324389061005E7FE5 /* Resources */ = {
			isa = PBXResourcesBuildPhase;
			buildActionMask = 2147483647;
			files = (
			);
			runOnlyForDeploymentPostprocessing = 0;
		};
/* End PBXResourcesBuildPhase section */

/* Begin PBXSourcesBuildPhase section */
		3C28B6A02438905E005E7FE5 /* Sources */ = {
			isa = PBXSourcesBuildPhase;
			buildActionMask = 2147483647;
			files = (
				3C28B6AC2438905E005E7FE5 /* ViewController.swift in Sources */,
				3C28B6A82438905E005E7FE5 /* AppDelegate.swift in Sources */,
				3C28B6AA2438905E005E7FE5 /* SceneDelegate.swift in Sources */,
			);
			runOnlyForDeploymentPostprocessing = 0;
		};
		3C28B6B624389061005E7FE5 /* Sources */ = {
			isa = PBXSourcesBuildPhase;
			buildActionMask = 2147483647;
			files = (
				3C28B6BF24389061005E7FE5 /* PersonalityTestTests.swift in Sources */,
			);
			runOnlyForDeploymentPostprocessing = 0;
		};
		3C28B6C124389061005E7FE5 /* Sources */ = {
			isa = PBXSourcesBuildPhase;
			buildActionMask = 2147483647;
			files = (
				3C28B6CA24389061005E7FE5 /* PersonalityTestUITests.swift in Sources */,
			);
			runOnlyForDeploymentPostprocessing = 0;
		};
/* End PBXSourcesBuildPhase section */

/* Begin PBXTargetDependency section */
		3C28B6BC24389061005E7FE5 /* PBXTargetDependency */ = {
			isa = PBXTargetDependency;
			target = 3C28B6A32438905E005E7FE5 /* PersonalityTest */;
			targetProxy = 3C28B6BB24389061005E7FE5 /* PBXContainerItemProxy */;
		};
		3C28B6C724389061005E7FE5 /* PBXTargetDependency */ = {
			isa = PBXTargetDependency;
			target = 3C28B6A32438905E005E7FE5 /* PersonalityTest */;
			targetProxy = 3C28B6C624389061005E7FE5 /* PBXContainerItemProxy */;
		};
/* End PBXTargetDependency section */

/* Begin PBXVariantGroup section */
		3C28B6AD2438905E005E7FE5 /* Main.storyboard */ = {
			isa = PBXVariantGroup;
			children = (
				3C28B6AE2438905E005E7FE5 /* Base */,
			);
			name = Main.storyboard;
			sourceTree = "<group>";
		};
		3C28B6B224389061005E7FE5 /* LaunchScreen.storyboard */ = {
			isa = PBXVariantGroup;
			children = (
				3C28B6B324389061005E7FE5 /* Base */,
			);
			name = LaunchScreen.storyboard;
			sourceTree = "<group>";
		};
/* End PBXVariantGroup section */

/* Begin XCBuildConfiguration section */
		3C28B6CC24389061005E7FE5 /* Debug */ = {
			isa = XCBuildConfiguration;
			buildSettings = {
				ALWAYS_SEARCH_USER_PATHS = NO;
				CLANG_ANALYZER_NONNULL = YES;
				CLANG_ANALYZER_NUMBER_OBJECT_CONVERSION = YES_AGGRESSIVE;
				CLANG_CXX_LANGUAGE_STANDARD = "gnu++14";
				CLANG_CXX_LIBRARY = "libc++";
				CLANG_ENABLE_MODULES = YES;
				CLANG_ENABLE_OBJC_ARC = YES;
				CLANG_ENABLE_OBJC_WEAK = YES;
				CLANG_WARN_BLOCK_CAPTURE_AUTORELEASING = YES;
				CLANG_WARN_BOOL_CONVERSION = YES;
				CLANG_WARN_COMMA = YES;
				CLANG_WARN_CONSTANT_CONVERSION = YES;
				CLANG_WARN_DEPRECATED_OBJC_IMPLEMENTATIONS = YES;
				CLANG_WARN_DIRECT_OBJC_ISA_USAGE = YES_ERROR;
				CLANG_WARN_DOCUMENTATION_COMMENTS = YES;
				CLANG_WARN_EMPTY_BODY = YES;
				CLANG_WARN_ENUM_CONVERSION = YES;
				CLANG_WARN_INFINITE_RECURSION = YES;
				CLANG_WARN_INT_CONVERSION = YES;
				CLANG_WARN_NON_LITERAL_NULL_CONVERSION = YES;
				CLANG_WARN_OBJC_IMPLICIT_RETAIN_SELF = YES;
				CLANG_WARN_OBJC_LITERAL_CONVERSION = YES;
				CLANG_WARN_OBJC_ROOT_CLASS = YES_ERROR;
				CLANG_WARN_RANGE_LOOP_ANALYSIS = YES;
				CLANG_WARN_STRICT_PROTOTYPES = YES;
				CLANG_WARN_SUSPICIOUS_MOVE = YES;
				CLANG_WARN_UNGUARDED_AVAILABILITY = YES_AGGRESSIVE;
				CLANG_WARN_UNREACHABLE_CODE = YES;
				CLANG_WARN__DUPLICATE_METHOD_MATCH = YES;
				COPY_PHASE_STRIP = NO;
				DEBUG_INFORMATION_FORMAT = dwarf;
				ENABLE_STRICT_OBJC_MSGSEND = YES;
				ENABLE_TESTABILITY = YES;
				GCC_C_LANGUAGE_STANDARD = gnu11;
				GCC_DYNAMIC_NO_PIC = NO;
				GCC_NO_COMMON_BLOCKS = YES;
				GCC_OPTIMIZATION_LEVEL = 0;
				GCC_PREPROCESSOR_DEFINITIONS = (
					"DEBUG=1",
					"$(inherited)",
				);
				GCC_WARN_64_TO_32_BIT_CONVERSION = YES;
				GCC_WARN_ABOUT_RETURN_TYPE = YES_ERROR;
				GCC_WARN_UNDECLARED_SELECTOR = YES;
				GCC_WARN_UNINITIALIZED_AUTOS = YES_AGGRESSIVE;
				GCC_WARN_UNUSED_FUNCTION = YES;
				GCC_WARN_UNUSED_VARIABLE = YES;
				IPHONEOS_DEPLOYMENT_TARGET = 13.4;
				MTL_ENABLE_DEBUG_INFO = INCLUDE_SOURCE;
				MTL_FAST_MATH = YES;
				ONLY_ACTIVE_ARCH = YES;
				SDKROOT = iphoneos;
				SWIFT_ACTIVE_COMPILATION_CONDITIONS = DEBUG;
				SWIFT_OPTIMIZATION_LEVEL = "-Onone";
			};
			name = Debug;
		};
		3C28B6CD24389061005E7FE5 /* Release */ = {
			isa = XCBuildConfiguration;
			buildSettings = {
				ALWAYS_SEARCH_USER_PATHS = NO;
				CLANG_ANALYZER_NONNULL = YES;
				CLANG_ANALYZER_NUMBER_OBJECT_CONVERSION = YES_AGGRESSIVE;
				CLANG_CXX_LANGUAGE_STANDARD = "gnu++14";
				CLANG_CXX_LIBRARY = "libc++";
				CLANG_ENABLE_MODULES = YES;
				CLANG_ENABLE_OBJC_ARC = YES;
				CLANG_ENABLE_OBJC_WEAK = YES;
				CLANG_WARN_BLOCK_CAPTURE_AUTORELEASING = YES;
				CLANG_WARN_BOOL_CONVERSION = YES;
				CLANG_WARN_COMMA = YES;
				CLANG_WARN_CONSTANT_CONVERSION = YES;
				CLANG_WARN_DEPRECATED_OBJC_IMPLEMENTATIONS = YES;
				CLANG_WARN_DIRECT_OBJC_ISA_USAGE = YES_ERROR;
				CLANG_WARN_DOCUMENTATION_COMMENTS = YES;
				CLANG_WARN_EMPTY_BODY = YES;
				CLANG_WARN_ENUM_CONVERSION = YES;
				CLANG_WARN_INFINITE_RECURSION = YES;
				CLANG_WARN_INT_CONVERSION = YES;
				CLANG_WARN_NON_LITERAL_NULL_CONVERSION = YES;
				CLANG_WARN_OBJC_IMPLICIT_RETAIN_SELF = YES;
				CLANG_WARN_OBJC_LITERAL_CONVERSION = YES;
				CLANG_WARN_OBJC_ROOT_CLASS = YES_ERROR;
				CLANG_WARN_RANGE_LOOP_ANALYSIS = YES;
				CLANG_WARN_STRICT_PROTOTYPES = YES;
				CLANG_WARN_SUSPICIOUS_MOVE = YES;
				CLANG_WARN_UNGUARDED_AVAILABILITY = YES_AGGRESSIVE;
				CLANG_WARN_UNREACHABLE_CODE = YES;
				CLANG_WARN__DUPLICATE_METHOD_MATCH = YES;
				COPY_PHASE_STRIP = NO;
				DEBUG_INFORMATION_FORMAT = "dwarf-with-dsym";
				ENABLE_NS_ASSERTIONS = NO;
				ENABLE_STRICT_OBJC_MSGSEND = YES;
				GCC_C_LANGUAGE_STANDARD = gnu11;
				GCC_NO_COMMON_BLOCKS = YES;
				GCC_WARN_64_TO_32_BIT_CONVERSION = YES;
				GCC_WARN_ABOUT_RETURN_TYPE = YES_ERROR;
				GCC_WARN_UNDECLARED_SELECTOR = YES;
				GCC_WARN_UNINITIALIZED_AUTOS = YES_AGGRESSIVE;
				GCC_WARN_UNUSED_FUNCTION = YES;
				GCC_WARN_UNUSED_VARIABLE = YES;
				IPHONEOS_DEPLOYMENT_TARGET = 13.4;
				MTL_ENABLE_DEBUG_INFO = NO;
				MTL_FAST_MATH = YES;
				SDKROOT = iphoneos;
				SWIFT_COMPILATION_MODE = wholemodule;
				SWIFT_OPTIMIZATION_LEVEL = "-O";
				VALIDATE_PRODUCT = YES;
			};
			name = Release;
		};
		3C28B6CF24389061005E7FE5 /* Debug */ = {
			isa = XCBuildConfiguration;
			buildSettings = {
				ASSETCATALOG_COMPILER_APPICON_NAME = AppIcon;
				CODE_SIGN_STYLE = Automatic;
				INFOPLIST_FILE = PersonalityTest/Info.plist;
				LD_RUNPATH_SEARCH_PATHS = (
					"$(inherited)",
					"@executable_path/Frameworks",
				);
				PRODUCT_BUNDLE_IDENTIFIER = co.sispo.learning.mac.PersonalityTest;
				PRODUCT_NAME = "$(TARGET_NAME)";
				SWIFT_VERSION = 5.0;
				TARGETED_DEVICE_FAMILY = "1,2";
			};
			name = Debug;
		};
		3C28B6D024389061005E7FE5 /* Release */ = {
			isa = XCBuildConfiguration;
			buildSettings = {
				ASSETCATALOG_COMPILER_APPICON_NAME = AppIcon;
				CODE_SIGN_STYLE = Automatic;
				INFOPLIST_FILE = PersonalityTest/Info.plist;
				LD_RUNPATH_SEARCH_PATHS = (
					"$(inherited)",
					"@executable_path/Frameworks",
				);
				PRODUCT_BUNDLE_IDENTIFIER = co.sispo.learning.mac.PersonalityTest;
				PRODUCT_NAME = "$(TARGET_NAME)";
				SWIFT_VERSION = 5.0;
				TARGETED_DEVICE_FAMILY = "1,2";
			};
			name = Release;
		};
		3C28B6D224389061005E7FE5 /* Debug */ = {
			isa = XCBuildConfiguration;
			buildSettings = {
				ALWAYS_EMBED_SWIFT_STANDARD_LIBRARIES = YES;
				BUNDLE_LOADER = "$(TEST_HOST)";
				CODE_SIGN_STYLE = Automatic;
				INFOPLIST_FILE = PersonalityTestTests/Info.plist;
				IPHONEOS_DEPLOYMENT_TARGET = 13.4;
				LD_RUNPATH_SEARCH_PATHS = (
					"$(inherited)",
					"@executable_path/Frameworks",
					"@loader_path/Frameworks",
				);
				PRODUCT_BUNDLE_IDENTIFIER = co.sispo.learning.mac.PersonalityTestTests;
				PRODUCT_NAME = "$(TARGET_NAME)";
				SWIFT_VERSION = 5.0;
				TARGETED_DEVICE_FAMILY = "1,2";
				TEST_HOST = "$(BUILT_PRODUCTS_DIR)/PersonalityTest.app/PersonalityTest";
			};
			name = Debug;
		};
		3C28B6D324389061005E7FE5 /* Release */ = {
			isa = XCBuildConfiguration;
			buildSettings = {
				ALWAYS_EMBED_SWIFT_STANDARD_LIBRARIES = YES;
				BUNDLE_LOADER = "$(TEST_HOST)";
				CODE_SIGN_STYLE = Automatic;
				INFOPLIST_FILE = PersonalityTestTests/Info.plist;
				IPHONEOS_DEPLOYMENT_TARGET = 13.4;
				LD_RUNPATH_SEARCH_PATHS = (
					"$(inherited)",
					"@executable_path/Frameworks",
					"@loader_path/Frameworks",
				);
				PRODUCT_BUNDLE_IDENTIFIER = co.sispo.learning.mac.PersonalityTestTests;
				PRODUCT_NAME = "$(TARGET_NAME)";
				SWIFT_VERSION = 5.0;
				TARGETED_DEVICE_FAMILY = "1,2";
				TEST_HOST = "$(BUILT_PRODUCTS_DIR)/PersonalityTest.app/PersonalityTest";
			};
			name = Release;
		};
		3C28B6D524389061005E7FE5 /* Debug */ = {
			isa = XCBuildConfiguration;
			buildSettings = {
				ALWAYS_EMBED_SWIFT_STANDARD_LIBRARIES = YES;
				CODE_SIGN_STYLE = Automatic;
				INFOPLIST_FILE = PersonalityTestUITests/Info.plist;
				LD_RUNPATH_SEARCH_PATHS = (
					"$(inherited)",
					"@executable_path/Frameworks",
					"@loader_path/Frameworks",
				);
				PRODUCT_BUNDLE_IDENTIFIER = co.sispo.learning.mac.PersonalityTestUITests;
				PRODUCT_NAME = "$(TARGET_NAME)";
				SWIFT_VERSION = 5.0;
				TARGETED_DEVICE_FAMILY = "1,2";
				TEST_TARGET_NAME = PersonalityTest;
			};
			name = Debug;
		};
		3C28B6D624389061005E7FE5 /* Release */ = {
			isa = XCBuildConfiguration;
			buildSettings = {
				ALWAYS_EMBED_SWIFT_STANDARD_LIBRARIES = YES;
				CODE_SIGN_STYLE = Automatic;
				INFOPLIST_FILE = PersonalityTestUITests/Info.plist;
				LD_RUNPATH_SEARCH_PATHS = (
					"$(inherited)",
					"@executable_path/Frameworks",
					"@loader_path/Frameworks",
				);
				PRODUCT_BUNDLE_IDENTIFIER = co.sispo.learning.mac.PersonalityTestUITests;
				PRODUCT_NAME = "$(TARGET_NAME)";
				SWIFT_VERSION = 5.0;
				TARGETED_DEVICE_FAMILY = "1,2";
				TEST_TARGET_NAME = PersonalityTest;
			};
			name = Release;
		};
/* End XCBuildConfiguration section */

/* Begin XCConfigurationList section */
		3C28B69F2438905E005E7FE5 /* Build configuration list for PBXProject "PersonalityTest" */ = {
			isa = XCConfigurationList;
			buildConfigurations = (
				3C28B6CC24389061005E7FE5 /* Debug */,
				3C28B6CD24389061005E7FE5 /* Release */,
			);
			defaultConfigurationIsVisible = 0;
			defaultConfigurationName = Release;
		};
		3C28B6CE24389061005E7FE5 /* Build configuration list for PBXNativeTarget "PersonalityTest" */ = {
			isa = XCConfigurationList;
			buildConfigurations = (
				3C28B6CF24389061005E7FE5 /* Debug */,
				3C28B6D024389061005E7FE5 /* Release */,
			);
			defaultConfigurationIsVisible = 0;
			defaultConfigurationName = Release;
		};
		3C28B6D124389061005E7FE5 /* Build configuration list for PBXNativeTarget "PersonalityTestTests" */ = {
			isa = XCConfigurationList;
			buildConfigurations = (
				3C28B6D224389061005E7FE5 /* Debug */,
				3C28B6D324389061005E7FE5 /* Release */,
			);
			defaultConfigurationIsVisible = 0;
			defaultConfigurationName = Release;
		};
		3C28B6D424389061005E7FE5 /* Build configuration list for PBXNativeTarget "PersonalityTestUITests" */ = {
			isa = XCConfigurationList;
			buildConfigurations = (
				3C28B6D524389061005E7FE5 /* Debug */,
				3C28B6D624389061005E7FE5 /* Release */,
			);
			defaultConfigurationIsVisible = 0;
			defaultConfigurationName = Release;
		};
/* End XCConfigurationList section */
	};
	rootObject = 3C28B69C2438905E005E7FE5 /* Project object */;
}
